
Microsoft Visual Studio Solution File, Format Version 12.00
# Visual Studio Version 17
VisualStudioVersion = 17.7.34221.43
MinimumVisualStudioVersion = 10.0.40219.1
Project("{FAE04EC0-301F-11D3-BF4B-00C04F79EFBC}") = "PrimeTech", "PrimeTech.csproj", "{F504F949-E59F-40A9-9DB0-7817BC83A0C4}"
EndProject
Project("{FAE04EC0-301F-11D3-BF4B-00C04F79EFBC}") = "PrimeTech.DataAccess", "..\PrimeTech.DataAccess\PrimeTech.DataAccess.csproj", "{D3759C18-2A3F-4E57-8F31-CB33A4F01643}"
EndProject
Global
	GlobalSection(SolutionConfigurationPlatforms) = preSolution
		Debug|Any CPU = Debug|Any CPU
		Release|Any CPU = Release|Any CPU
	EndGlobalSection
	GlobalSection(ProjectConfigurationPlatforms) = postSolution
		{F504F949-E59F-40A9-9DB0-7817BC83A0C4}.Debug|Any CPU.ActiveCfg = Debug|Any CPU
		{F504F949-E59F-40A9-9DB0-7817BC83A0C4}.Debug|Any CPU.Build.0 = Debug|Any CPU
		{F504F949-E59F-40A9-9DB0-7817BC83A0C4}.Release|Any CPU.ActiveCfg = Release|Any CPU
		{F504F949-E59F-40A9-9DB0-7817BC83A0C4}.Release|Any CPU.Build.0 = Release|Any CPU
		{D3759C18-2A3F-4E57-8F31-CB33A4F01643}.Debug|Any CPU.ActiveCfg = Debug|Any CPU
		{D3759C18-2A3F-4E57-8F31-CB33A4F01643}.Debug|Any CPU.Build.0 = Debug|Any CPU
		{D3759C18-2A3F-4E57-8F31-CB33A4F01643}.Release|Any CPU.ActiveCfg = Release|Any CPU
		{D3759C18-2A3F-4E57-8F31-CB33A4F01643}.Release|Any CPU.Build.0 = Release|Any CPU
	EndGlobalSection
	GlobalSection(SolutionProperties) = preSolution
		HideSolutionNode = FALSE
	EndGlobalSection
	GlobalSection(ExtensibilityGlobals) = postSolution
		SolutionGuid = {EBBA5542-ACE7-44A5-B0E3-D8C6CEC38441}
	EndGlobalSection
EndGlobal
